
Microsoft Visual Studio Solution File, Format Version 12.00
# Visual Studio Version 17
VisualStudioVersion = 17.1.32421.90
MinimumVisualStudioVersion = 10.0.40219.1
Project("{9A19103F-16F7-4668-BE54-9A1E7A4F7556}") = "WebApiUdemy", "WebApiUdemy\WebApiUdemy.csproj", "{1B56E022-A3FD-44CB-9ED7-50180D7392EA}"
EndProject
Project("{FAE04EC0-301F-11D3-BF4B-00C04F79EFBC}") = "WebApiMoviesUdemy", "WebAiMoviesUdemy\WebApiMoviesUdemy.csproj", "{4F5845AA-34D3-4047-AEE8-230F5A038BAE}"
EndProject
Global
	GlobalSection(SolutionConfigurationPlatforms) = preSolution
		Debug|Any CPU = Debug|Any CPU
		Release|Any CPU = Release|Any CPU
	EndGlobalSection
	GlobalSection(ProjectConfigurationPlatforms) = postSolution
		{1B56E022-A3FD-44CB-9ED7-50180D7392EA}.Debug|Any CPU.ActiveCfg = Debug|Any CPU
		{1B56E022-A3FD-44CB-9ED7-50180D7392EA}.Debug|Any CPU.Build.0 = Debug|Any CPU
		{1B56E022-A3FD-44CB-9ED7-50180D7392EA}.Release|Any CPU.ActiveCfg = Release|Any CPU
		{1B56E022-A3FD-44CB-9ED7-50180D7392EA}.Release|Any CPU.Build.0 = Release|Any CPU
		{4F5845AA-34D3-4047-AEE8-230F5A038BAE}.Debug|Any CPU.ActiveCfg = Debug|Any CPU
		{4F5845AA-34D3-4047-AEE8-230F5A038BAE}.Debug|Any CPU.Build.0 = Debug|Any CPU
		{4F5845AA-34D3-4047-AEE8-230F5A038BAE}.Release|Any CPU.ActiveCfg = Release|Any CPU
		{4F5845AA-34D3-4047-AEE8-230F5A038BAE}.Release|Any CPU.Build.0 = Release|Any CPU
	EndGlobalSection
	GlobalSection(SolutionProperties) = preSolution
		HideSolutionNode = FALSE
	EndGlobalSection
	GlobalSection(ExtensibilityGlobals) = postSolution
		SolutionGuid = {70B15822-D511-4007-A6A1-C8ED9BE66936}
	EndGlobalSection
EndGlobal
